PODS:
  - Flutter (1.0.0)
  - proxy_kit (2.0.0):
    - Flutter

DEPENDENCIES:
  - Flutter (from `Flutter`)
  - proxy_kit (from `.symlinks/plugins/proxy_kit/ios`)

EXTERNAL SOURCES:
  Flutter:
    :path: Flutter
  proxy_kit:
    :path: ".symlinks/plugins/proxy_kit/ios"

SPEC CHECKSUMS:
  Flutter: 434fef37c0980e73bb6479ef766c45957d4b510c
  proxy_kit: e934ba62bbc57a1013ef9609d0459c61c86efac2

PODFILE CHECKSUM: 8e679eca47255a8ca8067c4c67aab20e64cb974d

COCOAPODS: 1.10.0
